
Microsoft Visual Studio Solution File, Format Version 12.00
# Visual Studio Version 17
VisualStudioVersion = 17.5.002.0
MinimumVisualStudioVersion = 10.0.40219.1
Project("{9A19103F-16F7-4668-BE54-9A1E7A4F7556}") = "API", "API\API.csproj", "{43DB3FAC-DAAB-4179-BA85-747F8BCEA90C}"
EndProject
Global
	GlobalSection(SolutionConfigurationPlatforms) = preSolution
		Debug|Any CPU = Debug|Any CPU
		Release|Any CPU = Release|Any CPU
	EndGlobalSection
	GlobalSection(ProjectConfigurationPlatforms) = postSolution
		{43DB3FAC-DAAB-4179-BA85-747F8BCEA90C}.Debug|Any CPU.ActiveCfg = Debug|Any CPU
		{43DB3FAC-DAAB-4179-BA85-747F8BCEA90C}.Debug|Any CPU.Build.0 = Debug|Any CPU
		{43DB3FAC-DAAB-4179-BA85-747F8BCEA90C}.Release|Any CPU.ActiveCfg = Release|Any CPU
		{43DB3FAC-DAAB-4179-BA85-747F8BCEA90C}.Release|Any CPU.Build.0 = Release|Any CPU
	EndGlobalSection
	GlobalSection(SolutionProperties) = preSolution
		HideSolutionNode = FALSE
	EndGlobalSection
	GlobalSection(ExtensibilityGlobals) = postSolution
		SolutionGuid = {F003F066-1870-4FB3-B2F4-B836952DE8C7}
	EndGlobalSection
EndGlobal
